// !$*UTF8*$!
{
	archiveVersion = 1;
	classes = {
	};
	objectVersion = 56;
	objects = {

/* Begin PBXBuildFile section */
		BD14E52B2A60668C00DE0C6C /* Women_in_StemApp.swift in Sources */ = {isa = PBXBuildFile; fileRef = BD14E52A2A60668C00DE0C6C /* Women_in_StemApp.swift */; };
		BD14E52D2A60668C00DE0C6C /* ContentView.swift in Sources */ = {isa = PBXBuildFile; fileRef = BD14E52C2A60668C00DE0C6C /* ContentView.swift */; };
		BD14E52F2A60669500DE0C6C /* Assets.xcassets in Resources */ = {isa = PBXBuildFile; fileRef = BD14E52E2A60669500DE0C6C /* Assets.xcassets */; };
		BD14E5322A60669500DE0C6C /* Preview Assets.xcassets in Resources */ = {isa = PBXBuildFile; fileRef = BD14E5312A60669500DE0C6C /* Preview Assets.xcassets */; };
		BD14E53C2A60669600DE0C6C /* Women_in_StemTests.swift in Sources */ = {isa = PBXBuildFile; fileRef = BD14E53B2A60669600DE0C6C /* Women_in_StemTests.swift */; };
		BD14E5462A60669600DE0C6C /* Women_in_StemUITests.swift in Sources */ = {isa = PBXBuildFile; fileRef = BD14E5452A60669600DE0C6C /* Women_in_StemUITests.swift */; };
		BD14E5482A60669600DE0C6C /* Women_in_StemUITestsLaunchTests.swift in Sources */ = {isa = PBXBuildFile; fileRef = BD14E5472A60669600DE0C6C /* Women_in_StemUITestsLaunchTests.swift */; };
/* End PBXBuildFile section */

/* Begin PBXContainerItemProxy section */
		BD14E5382A60669600DE0C6C /* PBXContainerItemProxy */ = {
			isa = PBXContainerItemProxy;
			containerPortal = BD14E51F2A60668C00DE0C6C /* Project object */;
			proxyType = 1;
			remoteGlobalIDString = BD14E5262A60668C00DE0C6C;
			remoteInfo = "Women in Stem";
		};
		BD14E5422A60669600DE0C6C /* PBXContainerItemProxy */ = {
			isa = PBXContainerItemProxy;
			containerPortal = BD14E51F2A60668C00DE0C6C /* Project object */;
			proxyType = 1;
			remoteGlobalIDString = BD14E5262A60668C00DE0C6C;
			remoteInfo = "Women in Stem";
		};
/* End PBXContainerItemProxy section */

/* Begin PBXFileReference section */
		BD14E5272A60668C00DE0C6C /* Women in Stem.app */ = {isa = PBXFileReference; explicitFileType = wrapper.application; includeInIndex = 0; path = "Women in Stem.app"; sourceTree = BUILT_PRODUCTS_DIR; };
		BD14E52A2A60668C00DE0C6C /* Women_in_StemApp.swift */ = {isa = PBXFileReference; lastKnownFileType = sourcecode.swift; path = Women_in_StemApp.swift; sourceTree = "<group>"; };
		BD14E52C2A60668C00DE0C6C /* ContentView.swift */ = {isa = PBXFileReference; lastKnownFileType = sourcecode.swift; path = ContentView.swift; sourceTree = "<group>"; };
		BD14E52E2A60669500DE0C6C /* Assets.xcassets */ = {isa = PBXFileReference; lastKnownFileType = folder.assetcatalog; path = Assets.xcassets; sourceTree = "<group>"; };
		BD14E5312A60669500DE0C6C /* Preview Assets.xcassets */ = {isa = PBXFileReference; lastKnownFileType = folder.assetcatalog; path = "Preview Assets.xcassets"; sourceTree = "<group>"; };
		BD14E5372A60669500DE0C6C /* Women in StemTests.xctest */ = {isa = PBXFileReference; explicitFileType = wrapper.cfbundle; includeInIndex = 0; path = "Women in StemTests.xctest"; sourceTree = BUILT_PRODUCTS_DIR; };
		BD14E53B2A60669600DE0C6C /* Women_in_StemTests.swift */ = {isa = PBXFileReference; lastKnownFileType = sourcecode.swift; path = Women_in_StemTests.swift; sourceTree = "<group>"; };
		BD14E5412A60669600DE0C6C /* Women in StemUITests.xctest */ = {isa = PBXFileReference; explicitFileType = wrapper.cfbundle; includeInIndex = 0; path = "Women in StemUITests.xctest"; sourceTree = BUILT_PRODUCTS_DIR; };
		BD14E5452A60669600DE0C6C /* Women_in_StemUITests.swift */ = {isa = PBXFileReference; lastKnownFileType = sourcecode.swift; path = Women_in_StemUITests.swift; sourceTree = "<group>"; };
		BD14E5472A60669600DE0C6C /* Women_in_StemUITestsLaunchTests.swift */ = {isa = PBXFileReference; lastKnownFileType = sourcecode.swift; path = Women_in_StemUITestsLaunchTests.swift; sourceTree = "<group>"; };
/* End PBXFileReference section */

/* Begin PBXFrameworksBuildPhase section */
		BD14E5242A60668C00DE0C6C /* Frameworks */ = {
			isa = PBXFrameworksBuildPhase;
			buildActionMask = 2147483647;
			files = (
			);
			runOnlyForDeploymentPostprocessing = 0;
		};
		BD14E5342A60669500DE0C6C /* Frameworks */ = {
			isa = PBXFrameworksBuildPhase;
			buildActionMask = 2147483647;
			files = (
			);
			runOnlyForDeploymentPostprocessing = 0;
		};
		BD14E53E2A60669600DE0C6C /* Frameworks */ = {
			isa = PBXFrameworksBuildPhase;
			buildActionMask = 2147483647;
			files = (
			);
			runOnlyForDeploymentPostprocessing = 0;
		};
/* End PBXFrameworksBuildPhase section */

/* Begin PBXGroup section */
		BD14E51E2A60668C00DE0C6C = {
			isa = PBXGroup;
			children = (
				BD14E5292A60668C00DE0C6C /* Women in Stem */,
				BD14E53A2A60669600DE0C6C /* Women in StemTests */,
				BD14E5442A60669600DE0C6C /* Women in StemUITests */,
				BD14E5282A60668C00DE0C6C /* Products */,
			);
			sourceTree = "<group>";
		};
		BD14E5282A60668C00DE0C6C /* Products */ = {
			isa = PBXGroup;
			children = (
				BD14E5272A60668C00DE0C6C /* Women in Stem.app */,
				BD14E5372A60669500DE0C6C /* Women in StemTests.xctest */,
				BD14E5412A60669600DE0C6C /* Women in StemUITests.xctest */,
			);
			name = Products;
			sourceTree = "<group>";
		};
		BD14E5292A60668C00DE0C6C /* Women in Stem */ = {
			isa = PBXGroup;
			children = (
				BD14E52A2A60668C00DE0C6C /* Women_in_StemApp.swift */,
				BD14E52C2A60668C00DE0C6C /* ContentView.swift */,
				BD14E52E2A60669500DE0C6C /* Assets.xcassets */,
				BD14E5302A60669500DE0C6C /* Preview Content */,
			);
			path = "Women in Stem";
			sourceTree = "<group>";
		};
		BD14E5302A60669500DE0C6C /* Preview Content */ = {
			isa = PBXGroup;
			children = (
				BD14E5312A60669500DE0C6C /* Preview Assets.xcassets */,
			);
			path = "Preview Content";
			sourceTree = "<group>";
		};
		BD14E53A2A60669600DE0C6C /* Women in StemTests */ = {
			isa = PBXGroup;
			children = (
				BD14E53B2A60669600DE0C6C /* Women_in_StemTests.swift */,
			);
			path = "Women in StemTests";
			sourceTree = "<group>";
		};
		BD14E5442A60669600DE0C6C /* Women in StemUITests */ = {
			isa = PBXGroup;
			children = (
				BD14E5452A60669600DE0C6C /* Women_in_StemUITests.swift */,
				BD14E5472A60669600DE0C6C /* Women_in_StemUITestsLaunchTests.swift */,
			);
			path = "Women in StemUITests";
			sourceTree = "<group>";
		};
/* End PBXGroup section */

/* Begin PBXNativeTarget section */
		BD14E5262A60668C00DE0C6C /* Women in Stem */ = {
			isa = PBXNativeTarget;
			buildConfigurationList = BD14E54B2A60669600DE0C6C /* Build configuration list for PBXNativeTarget "Women in Stem" */;
			buildPhases = (
				BD14E5232A60668C00DE0C6C /* Sources */,
				BD14E5242A60668C00DE0C6C /* Frameworks */,
				BD14E5252A60668C00DE0C6C /* Resources */,
			);
			buildRules = (
			);
			dependencies = (
			);
			name = "Women in Stem";
			productName = "Women in Stem";
			productReference = BD14E5272A60668C00DE0C6C /* Women in Stem.app */;
			productType = "com.apple.product-type.application";
		};
		BD14E5362A60669500DE0C6C /* Women in StemTests */ = {
			isa = PBXNativeTarget;
			buildConfigurationList = BD14E54E2A60669600DE0C6C /* Build configuration list for PBXNativeTarget "Women in StemTests" */;
			buildPhases = (
				BD14E5332A60669500DE0C6C /* Sources */,
				BD14E5342A60669500DE0C6C /* Frameworks */,
				BD14E5352A60669500DE0C6C /* Resources */,
			);
			buildRules = (
			);
			dependencies = (
				BD14E5392A60669600DE0C6C /* PBXTargetDependency */,
			);
			name = "Women in StemTests";
			productName = "Women in StemTests";
			productReference = BD14E5372A60669500DE0C6C /* Women in StemTests.xctest */;
			productType = "com.apple.product-type.bundle.unit-test";
		};
		BD14E5402A60669600DE0C6C /* Women in StemUITests */ = {
			isa = PBXNativeTarget;
			buildConfigurationList = BD14E5512A60669600DE0C6C /* Build configuration list for PBXNativeTarget "Women in StemUITests" */;
			buildPhases = (
				BD14E53D2A60669600DE0C6C /* Sources */,
				BD14E53E2A60669600DE0C6C /* Frameworks */,
				BD14E53F2A60669600DE0C6C /* Resources */,
			);
			buildRules = (
			);
			dependencies = (
				BD14E5432A60669600DE0C6C /* PBXTargetDependency */,
			);
			name = "Women in StemUITests";
			productName = "Women in StemUITests";
			productReference = BD14E5412A60669600DE0C6C /* Women in StemUITests.xctest */;
			productType = "com.apple.product-type.bundle.ui-testing";
		};
/* End PBXNativeTarget section */

/* Begin PBXProject section */
		BD14E51F2A60668C00DE0C6C /* Project object */ = {
			isa = PBXProject;
			attributes = {
				BuildIndependentTargetsInParallel = 1;
				LastSwiftUpdateCheck = 1430;
				LastUpgradeCheck = 1430;
				TargetAttributes = {
					BD14E5262A60668C00DE0C6C = {
						CreatedOnToolsVersion = 14.3.1;
					};
					BD14E5362A60669500DE0C6C = {
						CreatedOnToolsVersion = 14.3.1;
						TestTargetID = BD14E5262A60668C00DE0C6C;
					};
					BD14E5402A60669600DE0C6C = {
						CreatedOnToolsVersion = 14.3.1;
						TestTargetID = BD14E5262A60668C00DE0C6C;
					};
				};
			};
			buildConfigurationList = BD14E5222A60668C00DE0C6C /* Build configuration list for PBXProject "Women in Stem" */;
			compatibilityVersion = "Xcode 14.0";
			developmentRegion = en;
			hasScannedForEncodings = 0;
			knownRegions = (
				en,
				Base,
			);
			mainGroup = BD14E51E2A60668C00DE0C6C;
			productRefGroup = BD14E5282A60668C00DE0C6C /* Products */;
			projectDirPath = "";
			projectRoot = "";
			targets = (
				BD14E5262A60668C00DE0C6C /* Women in Stem */,
				BD14E5362A60669500DE0C6C /* Women in StemTests */,
				BD14E5402A60669600DE0C6C /* Women in StemUITests */,
			);
		};
/* End PBXProject section */

/* Begin PBXResourcesBuildPhase section */
		BD14E5252A60668C00DE0C6C /* Resources */ = {
			isa = PBXResourcesBuildPhase;
			buildActionMask = 2147483647;
			files = (
				BD14E5322A60669500DE0C6C /* Preview Assets.xcassets in Resources */,
				BD14E52F2A60669500DE0C6C /* Assets.xcassets in Resources */,
			);
			runOnlyForDeploymentPostprocessing = 0;
		};
		BD14E5352A60669500DE0C6C /* Resources */ = {
			isa = PBXResourcesBuildPhase;
			buildActionMask = 2147483647;
			files = (
			);
			runOnlyForDeploymentPostprocessing = 0;
		};
		BD14E53F2A60669600DE0C6C /* Resources */ = {
			isa = PBXResourcesBuildPhase;
			buildActionMask = 2147483647;
			files = (
			);
			runOnlyForDeploymentPostprocessing = 0;
		};
/* End PBXResourcesBuildPhase section */

/* Begin PBXSourcesBuildPhase section */
		BD14E5232A60668C00DE0C6C /* Sources */ = {
			isa = PBXSourcesBuildPhase;
			buildActionMask = 2147483647;
			files = (
				BD14E52D2A60668C00DE0C6C /* ContentView.swift in Sources */,
				BD14E52B2A60668C00DE0C6C /* Women_in_StemApp.swift in Sources */,
			);
			runOnlyForDeploymentPostprocessing = 0;
		};
		BD14E5332A60669500DE0C6C /* Sources */ = {
			isa = PBXSourcesBuildPhase;
			buildActionMask = 2147483647;
			files = (
				BD14E53C2A60669600DE0C6C /* Women_in_StemTests.swift in Sources */,
			);
			runOnlyForDeploymentPostprocessing = 0;
		};
		BD14E53D2A60669600DE0C6C /* Sources */ = {
			isa = PBXSourcesBuildPhase;
			buildActionMask = 2147483647;
			files = (
				BD14E5462A60669600DE0C6C /* Women_in_StemUITests.swift in Sources */,
				BD14E5482A60669600DE0C6C /* Women_in_StemUITestsLaunchTests.swift in Sources */,
			);
			runOnlyForDeploymentPostprocessing = 0;
		};
/* End PBXSourcesBuildPhase section */

/* Begin PBXTargetDependency section */
		BD14E5392A60669600DE0C6C /* PBXTargetDependency */ = {
			isa = PBXTargetDependency;
			target = BD14E5262A60668C00DE0C6C /* Women in Stem */;
			targetProxy = BD14E5382A60669600DE0C6C /* PBXContainerItemProxy */;
		};
		BD14E5432A60669600DE0C6C /* PBXTargetDependency */ = {
			isa = PBXTargetDependency;
			target = BD14E5262A60668C00DE0C6C /* Women in Stem */;
			targetProxy = BD14E5422A60669600DE0C6C /* PBXContainerItemProxy */;
		};
/* End PBXTargetDependency section */

/* Begin XCBuildConfiguration section */
		BD14E5492A60669600DE0C6C /* Debug */ = {
			isa = XCBuildConfiguration;
			buildSettings = {
				ALWAYS_SEARCH_USER_PATHS = NO;
				CLANG_ANALYZER_NONNULL = YES;
				CLANG_ANALYZER_NUMBER_OBJECT_CONVERSION = YES_AGGRESSIVE;
				CLANG_CXX_LANGUAGE_STANDARD = "gnu++20";
				CLANG_ENABLE_MODULES = YES;
				CLANG_ENABLE_OBJC_ARC = YES;
				CLANG_ENABLE_OBJC_WEAK = YES;
				CLANG_WARN_BLOCK_CAPTURE_AUTORELEASING = YES;
				CLANG_WARN_BOOL_CONVERSION = YES;
				CLANG_WARN_COMMA = YES;
				CLANG_WARN_CONSTANT_CONVERSION = YES;
				CLANG_WARN_DEPRECATED_OBJC_IMPLEMENTATIONS = YES;
				CLANG_WARN_DIRECT_OBJC_ISA_USAGE = YES_ERROR;
				CLANG_WARN_DOCUMENTATION_COMMENTS = YES;
				CLANG_WARN_EMPTY_BODY = YES;
				CLANG_WARN_ENUM_CONVERSION = YES;
				CLANG_WARN_INFINITE_RECURSION = YES;
				CLANG_WARN_INT_CONVERSION = YES;
				CLANG_WARN_NON_LITERAL_NULL_CONVERSION = YES;
				CLANG_WARN_OBJC_IMPLICIT_RETAIN_SELF = YES;
				CLANG_WARN_OBJC_LITERAL_CONVERSION = YES;
				CLANG_WARN_OBJC_ROOT_CLASS = YES_ERROR;
				CLANG_WARN_QUOTED_INCLUDE_IN_FRAMEWORK_HEADER = YES;
				CLANG_WARN_RANGE_LOOP_ANALYSIS = YES;
				CLANG_WARN_STRICT_PROTOTYPES = YES;
				CLANG_WARN_SUSPICIOUS_MOVE = YES;
				CLANG_WARN_UNGUARDED_AVAILABILITY = YES_AGGRESSIVE;
				CLANG_WARN_UNREACHABLE_CODE = YES;
				CLANG_WARN__DUPLICATE_METHOD_MATCH = YES;
				COPY_PHASE_STRIP = NO;
				DEBUG_INFORMATION_FORMAT = dwarf;
				ENABLE_STRICT_OBJC_MSGSEND = YES;
				ENABLE_TESTABILITY = YES;
				GCC_C_LANGUAGE_STANDARD = gnu11;
				GCC_DYNAMIC_NO_PIC = NO;
				GCC_NO_COMMON_BLOCKS = YES;
				GCC_OPTIMIZATION_LEVEL = 0;
				GCC_PREPROCESSOR_DEFINITIONS = (
					"DEBUG=1",
					"$(inherited)",
				);
				GCC_WARN_64_TO_32_BIT_CONVERSION = YES;
				GCC_WARN_ABOUT_RETURN_TYPE = YES_ERROR;
				GCC_WARN_UNDECLARED_SELECTOR = YES;
				GCC_WARN_UNINITIALIZED_AUTOS = YES_AGGRESSIVE;
				GCC_WARN_UNUSED_FUNCTION = YES;
				GCC_WARN_UNUSED_VARIABLE = YES;
				IPHONEOS_DEPLOYMENT_TARGET = 16.4;
				MTL_ENABLE_DEBUG_INFO = INCLUDE_SOURCE;
				MTL_FAST_MATH = YES;
				ONLY_ACTIVE_ARCH = YES;
				SDKROOT = iphoneos;
				SWIFT_ACTIVE_COMPILATION_CONDITIONS = DEBUG;
				SWIFT_OPTIMIZATION_LEVEL = "-Onone";
			};
			name = Debug;
		};
		BD14E54A2A60669600DE0C6C /* Release */ = {
			isa = XCBuildConfiguration;
			buildSettings = {
				ALWAYS_SEARCH_USER_PATHS = NO;
				CLANG_ANALYZER_NONNULL = YES;
				CLANG_ANALYZER_NUMBER_OBJECT_CONVERSION = YES_AGGRESSIVE;
				CLANG_CXX_LANGUAGE_STANDARD = "gnu++20";
				CLANG_ENABLE_MODULES = YES;
				CLANG_ENABLE_OBJC_ARC = YES;
				CLANG_ENABLE_OBJC_WEAK = YES;
				CLANG_WARN_BLOCK_CAPTURE_AUTORELEASING = YES;
				CLANG_WARN_BOOL_CONVERSION = YES;
				CLANG_WARN_COMMA = YES;
				CLANG_WARN_CONSTANT_CONVERSION = YES;
				CLANG_WARN_DEPRECATED_OBJC_IMPLEMENTATIONS = YES;
				CLANG_WARN_DIRECT_OBJC_ISA_USAGE = YES_ERROR;
				CLANG_WARN_DOCUMENTATION_COMMENTS = YES;
				CLANG_WARN_EMPTY_BODY = YES;
				CLANG_WARN_ENUM_CONVERSION = YES;
				CLANG_WARN_INFINITE_RECURSION = YES;
				CLANG_WARN_INT_CONVERSION = YES;
				CLANG_WARN_NON_LITERAL_NULL_CONVERSION = YES;
				CLANG_WARN_OBJC_IMPLICIT_RETAIN_SELF = YES;
				CLANG_WARN_OBJC_LITERAL_CONVERSION = YES;
				CLANG_WARN_OBJC_ROOT_CLASS = YES_ERROR;
				CLANG_WARN_QUOTED_INCLUDE_IN_FRAMEWORK_HEADER = YES;
				CLANG_WARN_RANGE_LOOP_ANALYSIS = YES;
				CLANG_WARN_STRICT_PROTOTYPES = YES;
				CLANG_WARN_SUSPICIOUS_MOVE = YES;
				CLANG_WARN_UNGUARDED_AVAILABILITY = YES_AGGRESSIVE;
				CLANG_WARN_UNREACHABLE_CODE = YES;
				CLANG_WARN__DUPLICATE_METHOD_MATCH = YES;
				COPY_PHASE_STRIP = NO;
				DEBUG_INFORMATION_FORMAT = "dwarf-with-dsym";
				ENABLE_NS_ASSERTIONS = NO;
				ENABLE_STRICT_OBJC_MSGSEND = YES;
				GCC_C_LANGUAGE_STANDARD = gnu11;
				GCC_NO_COMMON_BLOCKS = YES;
				GCC_WARN_64_TO_32_BIT_CONVERSION = YES;
				GCC_WARN_ABOUT_RETURN_TYPE = YES_ERROR;
				GCC_WARN_UNDECLARED_SELECTOR = YES;
				GCC_WARN_UNINITIALIZED_AUTOS = YES_AGGRESSIVE;
				GCC_WARN_UNUSED_FUNCTION = YES;
				GCC_WARN_UNUSED_VARIABLE = YES;
				IPHONEOS_DEPLOYMENT_TARGET = 16.4;
				MTL_ENABLE_DEBUG_INFO = NO;
				MTL_FAST_MATH = YES;
				SDKROOT = iphoneos;
				SWIFT_COMPILATION_MODE = wholemodule;
				SWIFT_OPTIMIZATION_LEVEL = "-O";
				VALIDATE_PRODUCT = YES;
			};
			name = Release;
		};
		BD14E54C2A60669600DE0C6C /* Debug */ = {
			isa = XCBuildConfiguration;
			buildSettings = {
				ASSETCATALOG_COMPILER_APPICON_NAME = AppIcon;
				ASSETCATALOG_COMPILER_GLOBAL_ACCENT_COLOR_NAME = AccentColor;
				CODE_SIGN_STYLE = Automatic;
				CURRENT_PROJECT_VERSION = 1;
				DEVELOPMENT_ASSET_PATHS = "\"Women in Stem/Preview Content\"";
				DEVELOPMENT_TEAM = HW97734996;
				ENABLE_PREVIEWS = YES;
				GENERATE_INFOPLIST_FILE = YES;
				INFOPLIST_KEY_UIApplicationSceneManifest_Generation = YES;
				INFOPLIST_KEY_UIApplicationSupportsIndirectInputEvents = YES;
				INFOPLIST_KEY_UILaunchScreen_Generation = YES;
				INFOPLIST_KEY_UISupportedInterfaceOrientations_iPad = "UIInterfaceOrientationPortrait UIInterfaceOrientationPortraitUpsideDown UIInterfaceOrientationLandscapeLeft UIInterfaceOrientationLandscapeRight";
				INFOPLIST_KEY_UISupportedInterfaceOrientations_iPhone = "UIInterfaceOrientationPortrait UIInterfaceOrientationLandscapeLeft UIInterfaceOrientationLandscapeRight";
				LD_RUNPATH_SEARCH_PATHS = (
					"$(inherited)",
					"@executable_path/Frameworks",
				);
				MARKETING_VERSION = 1.0;
				PRODUCT_BUNDLE_IDENTIFIER = "Kode-With-Klossy.Women-in-Stem";
				PRODUCT_NAME = "$(TARGET_NAME)";
				SWIFT_EMIT_LOC_STRINGS = YES;
				SWIFT_VERSION = 5.0;
				TARGETED_DEVICE_FAMILY = "1,2";
			};
			name = Debug;
		};
		BD14E54D2A60669600DE0C6C /* Release */ = {
			isa = XCBuildConfiguration;
			buildSettings = {
				ASSETCATALOG_COMPILER_APPICON_NAME = AppIcon;
				ASSETCATALOG_COMPILER_GLOBAL_ACCENT_COLOR_NAME = AccentColor;
				CODE_SIGN_STYLE = Automatic;
				CURRENT_PROJECT_VERSION = 1;
				DEVELOPMENT_ASSET_PATHS = "\"Women in Stem/Preview Content\"";
				DEVELOPMENT_TEAM = HW97734996;
				ENABLE_PREVIEWS = YES;
				GENERATE_INFOPLIST_FILE = YES;
				INFOPLIST_KEY_UIApplicationSceneManifest_Generation = YES;
				INFOPLIST_KEY_UIApplicationSupportsIndirectInputEvents = YES;
				INFOPLIST_KEY_UILaunchScreen_Generation = YES;
				INFOPLIST_KEY_UISupportedInterfaceOrientations_iPad = "UIInterfaceOrientationPortrait UIInterfaceOrientationPortraitUpsideDown UIInterfaceOrientationLandscapeLeft UIInterfaceOrientationLandscapeRight";
				INFOPLIST_KEY_UISupportedInterfaceOrientations_iPhone = "UIInterfaceOrientationPortrait UIInterfaceOrientationLandscapeLeft UIInterfaceOrientationLandscapeRight";
				LD_RUNPATH_SEARCH_PATHS = (
					"$(inherited)",
					"@executable_path/Frameworks",
				);
				MARKETING_VERSION = 1.0;
				PRODUCT_BUNDLE_IDENTIFIER = "Kode-With-Klossy.Women-in-Stem";
				PRODUCT_NAME = "$(TARGET_NAME)";
				SWIFT_EMIT_LOC_STRINGS = YES;
				SWIFT_VERSION = 5.0;
				TARGETED_DEVICE_FAMILY = "1,2";
			};
			name = Release;
		};
		BD14E54F2A60669600DE0C6C /* Debug */ = {
			isa = XCBuildConfiguration;
			buildSettings = {
				ALWAYS_EMBED_SWIFT_STANDARD_LIBRARIES = YES;
				BUNDLE_LOADER = "$(TEST_HOST)";
				CODE_SIGN_STYLE = Automatic;
				CURRENT_PROJECT_VERSION = 1;
				DEVELOPMENT_TEAM = HW97734996;
				GENERATE_INFOPLIST_FILE = YES;
				IPHONEOS_DEPLOYMENT_TARGET = 16.4;
				MARKETING_VERSION = 1.0;
				PRODUCT_BUNDLE_IDENTIFIER = "Kode-With-Klossy.Women-in-StemTests";
				PRODUCT_NAME = "$(TARGET_NAME)";
				SWIFT_EMIT_LOC_STRINGS = NO;
				SWIFT_VERSION = 5.0;
				TARGETED_DEVICE_FAMILY = "1,2";
				TEST_HOST = "$(BUILT_PRODUCTS_DIR)/Women in Stem.app/$(BUNDLE_EXECUTABLE_FOLDER_PATH)/Women in Stem";
			};
			name = Debug;
		};
		BD14E5502A60669600DE0C6C /* Release */ = {
			isa = XCBuildConfiguration;
			buildSettings = {
				ALWAYS_EMBED_SWIFT_STANDARD_LIBRARIES = YES;
				BUNDLE_LOADER = "$(TEST_HOST)";
				CODE_SIGN_STYLE = Automatic;
				CURRENT_PROJECT_VERSION = 1;
				DEVELOPMENT_TEAM = HW97734996;
				GENERATE_INFOPLIST_FILE = YES;
				IPHONEOS_DEPLOYMENT_TARGET = 16.4;
				MARKETING_VERSION = 1.0;
				PRODUCT_BUNDLE_IDENTIFIER = "Kode-With-Klossy.Women-in-StemTests";
				PRODUCT_NAME = "$(TARGET_NAME)";
				SWIFT_EMIT_LOC_STRINGS = NO;
				SWIFT_VERSION = 5.0;
				TARGETED_DEVICE_FAMILY = "1,2";
				TEST_HOST = "$(BUILT_PRODUCTS_DIR)/Women in Stem.app/$(BUNDLE_EXECUTABLE_FOLDER_PATH)/Women in Stem";
			};
			name = Release;
		};
		BD14E5522A60669600DE0C6C /* Debug */ = {
			isa = XCBuildConfiguration;
			buildSettings = {
				ALWAYS_EMBED_SWIFT_STANDARD_LIBRARIES = YES;
				CODE_SIGN_STYLE = Automatic;
				CURRENT_PROJECT_VERSION = 1;
				DEVELOPMENT_TEAM = HW97734996;
				GENERATE_INFOPLIST_FILE = YES;
				MARKETING_VERSION = 1.0;
				PRODUCT_BUNDLE_IDENTIFIER = "Kode-With-Klossy.Women-in-StemUITests";
				PRODUCT_NAME = "$(TARGET_NAME)";
				SWIFT_EMIT_LOC_STRINGS = NO;
				SWIFT_VERSION = 5.0;
				TARGETED_DEVICE_FAMILY = "1,2";
				TEST_TARGET_NAME = "Women in Stem";
			};
			name = Debug;
		};
		BD14E5532A60669600DE0C6C /* Release */ = {
			isa = XCBuildConfiguration;
			buildSettings = {
				ALWAYS_EMBED_SWIFT_STANDARD_LIBRARIES = YES;
				CODE_SIGN_STYLE = Automatic;
				CURRENT_PROJECT_VERSION = 1;
				DEVELOPMENT_TEAM = HW97734996;
				GENERATE_INFOPLIST_FILE = YES;
				MARKETING_VERSION = 1.0;
				PRODUCT_BUNDLE_IDENTIFIER = "Kode-With-Klossy.Women-in-StemUITests";
				PRODUCT_NAME = "$(TARGET_NAME)";
				SWIFT_EMIT_LOC_STRINGS = NO;
				SWIFT_VERSION = 5.0;
				TARGETED_DEVICE_FAMILY = "1,2";
				TEST_TARGET_NAME = "Women in Stem";
			};
			name = Release;
		};
/* End XCBuildConfiguration section */

/* Begin XCConfigurationList section */
		BD14E5222A60668C00DE0C6C /* Build configuration list for PBXProject "Women in Stem" */ = {
			isa = XCConfigurationList;
			buildConfigurations = (
				BD14E5492A60669600DE0C6C /* Debug */,
				BD14E54A2A60669600DE0C6C /* Release */,
			);
			defaultConfigurationIsVisible = 0;
			defaultConfigurationName = Release;
		};
		BD14E54B2A60669600DE0C6C /* Build configuration list for PBXNativeTarget "Women in Stem" */ = {
			isa = XCConfigurationList;
			buildConfigurations = (
				BD14E54C2A60669600DE0C6C /* Debug */,
				BD14E54D2A60669600DE0C6C /* Release */,
			);
			defaultConfigurationIsVisible = 0;
			defaultConfigurationName = Release;
		};
		BD14E54E2A60669600DE0C6C /* Build configuration list for PBXNativeTarget "Women in StemTests" */ = {
			isa = XCConfigurationList;
			buildConfigurations = (
				BD14E54F2A60669600DE0C6C /* Debug */,
				BD14E5502A60669600DE0C6C /* Release */,
			);
			defaultConfigurationIsVisible = 0;
			defaultConfigurationName = Release;
		};
		BD14E5512A60669600DE0C6C /* Build configuration list for PBXNativeTarget "Women in StemUITests" */ = {
			isa = XCConfigurationList;
			buildConfigurations = (
				BD14E5522A60669600DE0C6C /* Debug */,
				BD14E5532A60669600DE0C6C /* Release */,
			);
			defaultConfigurationIsVisible = 0;
			defaultConfigurationName = Release;
		};
/* End XCConfigurationList section */
	};
	rootObject = BD14E51F2A60668C00DE0C6C /* Project object */;
}
